
Microsoft Visual Studio Solution File, Format Version 12.00
# Visual Studio Version 17
VisualStudioVersion = 17.13.35931.197
MinimumVisualStudioVersion = 10.0.40219.1
Project("{FAE04EC0-301F-11D3-BF4B-00C04F79EFBC}") = "EntityLayer", "ClassLibrary1\EntityLayer.csproj", "{23EACF85-C6FA-47CA-A9FA-34C04CB993F1}"
EndProject
Project("{FAE04EC0-301F-11D3-BF4B-00C04F79EFBC}") = "DataAccessLayer", "DataAccessLayer\DataAccessLayer.csproj", "{7ED2AACD-9C7A-4C1F-8834-6A1B2185925C}"
EndProject
Project("{FAE04EC0-301F-11D3-BF4B-00C04F79EFBC}") = "CoreLayer", "CoreLayer\CoreLayer.csproj", "{C3C3779A-7FCB-406E-966D-6DA96A15684A}"
EndProject
Project("{FAE04EC0-301F-11D3-BF4B-00C04F79EFBC}") = "BusinessLayer", "BusinessLayer\BusinessLayer.csproj", "{3DFB0B84-7BF4-4E6F-9843-54B92EDBEA48}"
EndProject
Project("{FAE04EC0-301F-11D3-BF4B-00C04F79EFBC}") = "Bankacilik", "Bankacilik\Bankacilik.csproj", "{87DA6F9B-8938-4238-9181-2997825799D8}"
EndProject
Global
	GlobalSection(SolutionConfigurationPlatforms) = preSolution
		Debug|Any CPU = Debug|Any CPU
		Release|Any CPU = Release|Any CPU
	EndGlobalSection
	GlobalSection(ProjectConfigurationPlatforms) = postSolution
		{23EACF85-C6FA-47CA-A9FA-34C04CB993F1}.Debug|Any CPU.ActiveCfg = Debug|Any CPU
		{23EACF85-C6FA-47CA-A9FA-34C04CB993F1}.Debug|Any CPU.Build.0 = Debug|Any CPU
		{23EACF85-C6FA-47CA-A9FA-34C04CB993F1}.Release|Any CPU.ActiveCfg = Release|Any CPU
		{23EACF85-C6FA-47CA-A9FA-34C04CB993F1}.Release|Any CPU.Build.0 = Release|Any CPU
		{7ED2AACD-9C7A-4C1F-8834-6A1B2185925C}.Debug|Any CPU.ActiveCfg = Debug|Any CPU
		{7ED2AACD-9C7A-4C1F-8834-6A1B2185925C}.Debug|Any CPU.Build.0 = Debug|Any CPU
		{7ED2AACD-9C7A-4C1F-8834-6A1B2185925C}.Release|Any CPU.ActiveCfg = Release|Any CPU
		{7ED2AACD-9C7A-4C1F-8834-6A1B2185925C}.Release|Any CPU.Build.0 = Release|Any CPU
		{C3C3779A-7FCB-406E-966D-6DA96A15684A}.Debug|Any CPU.ActiveCfg = Debug|Any CPU
		{C3C3779A-7FCB-406E-966D-6DA96A15684A}.Debug|Any CPU.Build.0 = Debug|Any CPU
		{C3C3779A-7FCB-406E-966D-6DA96A15684A}.Release|Any CPU.ActiveCfg = Release|Any CPU
		{C3C3779A-7FCB-406E-966D-6DA96A15684A}.Release|Any CPU.Build.0 = Release|Any CPU
		{3DFB0B84-7BF4-4E6F-9843-54B92EDBEA48}.Debug|Any CPU.ActiveCfg = Debug|Any CPU
		{3DFB0B84-7BF4-4E6F-9843-54B92EDBEA48}.Debug|Any CPU.Build.0 = Debug|Any CPU
		{3DFB0B84-7BF4-4E6F-9843-54B92EDBEA48}.Release|Any CPU.ActiveCfg = Release|Any CPU
		{3DFB0B84-7BF4-4E6F-9843-54B92EDBEA48}.Release|Any CPU.Build.0 = Release|Any CPU
		{87DA6F9B-8938-4238-9181-2997825799D8}.Debug|Any CPU.ActiveCfg = Debug|Any CPU
		{87DA6F9B-8938-4238-9181-2997825799D8}.Debug|Any CPU.Build.0 = Debug|Any CPU
		{87DA6F9B-8938-4238-9181-2997825799D8}.Release|Any CPU.ActiveCfg = Release|Any CPU
		{87DA6F9B-8938-4238-9181-2997825799D8}.Release|Any CPU.Build.0 = Release|Any CPU
	EndGlobalSection
	GlobalSection(SolutionProperties) = preSolution
		HideSolutionNode = FALSE
	EndGlobalSection
	GlobalSection(ExtensibilityGlobals) = postSolution
		SolutionGuid = {81460674-51C1-4D3B-8C5F-1098AE5E7D51}
	EndGlobalSection
EndGlobal
